// !$*UTF8*$!
{
	archiveVersion = 1;
	classes = {
	};
	objectVersion = 56;
	objects = {

/* Begin PBXBuildFile section */
		8767268A2B93CA2F001BE913 /* AppDelegate.swift in Sources */ = {isa = PBXBuildFile; fileRef = 876726892B93CA2F001BE913 /* AppDelegate.swift */; };
		8767268C2B93CA2F001BE913 /* SceneDelegate.swift in Sources */ = {isa = PBXBuildFile; fileRef = 8767268B2B93CA2F001BE913 /* SceneDelegate.swift */; };
		8767268E2B93CA2F001BE913 /* ViewController.swift in Sources */ = {isa = PBXBuildFile; fileRef = 8767268D2B93CA2F001BE913 /* ViewController.swift */; };
		876726912B93CA2F001BE913 /* Main.storyboard in Resources */ = {isa = PBXBuildFile; fileRef = 8767268F2B93CA2F001BE913 /* Main.storyboard */; };
		876726932B93CA30001BE913 /* Assets.xcassets in Resources */ = {isa = PBXBuildFile; fileRef = 876726922B93CA30001BE913 /* Assets.xcassets */; };
		876726962B93CA30001BE913 /* LaunchScreen.storyboard in Resources */ = {isa = PBXBuildFile; fileRef = 876726942B93CA30001BE913 /* LaunchScreen.storyboard */; };
		876726A12B93CAD0001BE913 /* TrivagoTableViewCell.swift in Sources */ = {isa = PBXBuildFile; fileRef = 8767269F2B93CAD0001BE913 /* TrivagoTableViewCell.swift */; };
		876726A22B93CAD0001BE913 /* TrivagoTableViewCell.xib in Resources */ = {isa = PBXBuildFile; fileRef = 876726A02B93CAD0001BE913 /* TrivagoTableViewCell.xib */; };
		876726A62B93CB41001BE913 /* NetworkManager.swift in Sources */ = {isa = PBXBuildFile; fileRef = 876726A52B93CB41001BE913 /* NetworkManager.swift */; };
		876726A82B93CB4D001BE913 /* APIConstants.swift in Sources */ = {isa = PBXBuildFile; fileRef = 876726A72B93CB4D001BE913 /* APIConstants.swift */; };
		876D2B682B94F1EA001284BD /* TrivagoModel.swift in Sources */ = {isa = PBXBuildFile; fileRef = 876D2B672B94F1EA001284BD /* TrivagoModel.swift */; };
		876D2B6A2B94F261001284BD /* Endpoint.swift in Sources */ = {isa = PBXBuildFile; fileRef = 876D2B692B94F261001284BD /* Endpoint.swift */; };
		876D2B6C2B94F2D4001284BD /* TrivagoEndpoint.swift in Sources */ = {isa = PBXBuildFile; fileRef = 876D2B6B2B94F2D4001284BD /* TrivagoEndpoint.swift */; };
		876D2B702B950213001284BD /* DatabaseManager.swift in Sources */ = {isa = PBXBuildFile; fileRef = 876D2B6F2B950213001284BD /* DatabaseManager.swift */; };
		87E12B9F2B96496C00076296 /* CarRentalViewController.swift in Sources */ = {isa = PBXBuildFile; fileRef = 87E12B9E2B96496C00076296 /* CarRentalViewController.swift */; };
		87E12BA32B964A1900076296 /* CarRentalTableViewCell.swift in Sources */ = {isa = PBXBuildFile; fileRef = 87E12BA12B964A1900076296 /* CarRentalTableViewCell.swift */; };
		87E12BA42B964A1900076296 /* CarRentalTableViewCell.xib in Resources */ = {isa = PBXBuildFile; fileRef = 87E12BA22B964A1900076296 /* CarRentalTableViewCell.xib */; };
		87E12BA72B964A4000076296 /* CarRentalModel.swift in Sources */ = {isa = PBXBuildFile; fileRef = 87E12BA62B964A4000076296 /* CarRentalModel.swift */; };
		87E12BAA2B964FEE00076296 /* CarRentalEndpoint.swift in Sources */ = {isa = PBXBuildFile; fileRef = 87E12BA92B964FEE00076296 /* CarRentalEndpoint.swift */; };
/* End PBXBuildFile section */

/* Begin PBXFileReference section */
		876726862B93CA2F001BE913 /* Cell-Practicing.app */ = {isa = PBXFileReference; explicitFileType = wrapper.application; includeInIndex = 0; path = "Cell-Practicing.app"; sourceTree = BUILT_PRODUCTS_DIR; };
		876726892B93CA2F001BE913 /* AppDelegate.swift */ = {isa = PBXFileReference; lastKnownFileType = sourcecode.swift; path = AppDelegate.swift; sourceTree = "<group>"; };
		8767268B2B93CA2F001BE913 /* SceneDelegate.swift */ = {isa = PBXFileReference; lastKnownFileType = sourcecode.swift; path = SceneDelegate.swift; sourceTree = "<group>"; };
		8767268D2B93CA2F001BE913 /* ViewController.swift */ = {isa = PBXFileReference; lastKnownFileType = sourcecode.swift; path = ViewController.swift; sourceTree = "<group>"; };
		876726902B93CA2F001BE913 /* Base */ = {isa = PBXFileReference; lastKnownFileType = file.storyboard; name = Base; path = Base.lproj/Main.storyboard; sourceTree = "<group>"; };
		876726922B93CA30001BE913 /* Assets.xcassets */ = {isa = PBXFileReference; lastKnownFileType = folder.assetcatalog; path = Assets.xcassets; sourceTree = "<group>"; };
		876726952B93CA30001BE913 /* Base */ = {isa = PBXFileReference; lastKnownFileType = file.storyboard; name = Base; path = Base.lproj/LaunchScreen.storyboard; sourceTree = "<group>"; };
		876726972B93CA30001BE913 /* Info.plist */ = {isa = PBXFileReference; lastKnownFileType = text.plist.xml; path = Info.plist; sourceTree = "<group>"; };
		8767269F2B93CAD0001BE913 /* TrivagoTableViewCell.swift */ = {isa = PBXFileReference; lastKnownFileType = sourcecode.swift; path = TrivagoTableViewCell.swift; sourceTree = "<group>"; };
		876726A02B93CAD0001BE913 /* TrivagoTableViewCell.xib */ = {isa = PBXFileReference; lastKnownFileType = file.xib; path = TrivagoTableViewCell.xib; sourceTree = "<group>"; };
		876726A52B93CB41001BE913 /* NetworkManager.swift */ = {isa = PBXFileReference; lastKnownFileType = sourcecode.swift; path = NetworkManager.swift; sourceTree = "<group>"; };
		876726A72B93CB4D001BE913 /* APIConstants.swift */ = {isa = PBXFileReference; lastKnownFileType = sourcecode.swift; path = APIConstants.swift; sourceTree = "<group>"; };
		876D2B672B94F1EA001284BD /* TrivagoModel.swift */ = {isa = PBXFileReference; lastKnownFileType = sourcecode.swift; path = TrivagoModel.swift; sourceTree = "<group>"; };
		876D2B692B94F261001284BD /* Endpoint.swift */ = {isa = PBXFileReference; lastKnownFileType = sourcecode.swift; path = Endpoint.swift; sourceTree = "<group>"; };
		876D2B6B2B94F2D4001284BD /* TrivagoEndpoint.swift */ = {isa = PBXFileReference; lastKnownFileType = sourcecode.swift; path = TrivagoEndpoint.swift; sourceTree = "<group>"; };
		876D2B6F2B950213001284BD /* DatabaseManager.swift */ = {isa = PBXFileReference; lastKnownFileType = sourcecode.swift; path = DatabaseManager.swift; sourceTree = "<group>"; };
		87E12B9E2B96496C00076296 /* CarRentalViewController.swift */ = {isa = PBXFileReference; lastKnownFileType = sourcecode.swift; path = CarRentalViewController.swift; sourceTree = "<group>"; };
		87E12BA12B964A1900076296 /* CarRentalTableViewCell.swift */ = {isa = PBXFileReference; lastKnownFileType = sourcecode.swift; path = CarRentalTableViewCell.swift; sourceTree = "<group>"; };
		87E12BA22B964A1900076296 /* CarRentalTableViewCell.xib */ = {isa = PBXFileReference; lastKnownFileType = file.xib; path = CarRentalTableViewCell.xib; sourceTree = "<group>"; };
		87E12BA62B964A4000076296 /* CarRentalModel.swift */ = {isa = PBXFileReference; lastKnownFileType = sourcecode.swift; path = CarRentalModel.swift; sourceTree = "<group>"; };
		87E12BA92B964FEE00076296 /* CarRentalEndpoint.swift */ = {isa = PBXFileReference; lastKnownFileType = sourcecode.swift; path = CarRentalEndpoint.swift; sourceTree = "<group>"; };
/* End PBXFileReference section */

/* Begin PBXFrameworksBuildPhase section */
		876726832B93CA2F001BE913 /* Frameworks */ = {
			isa = PBXFrameworksBuildPhase;
			buildActionMask = 2147483647;
			files = (
			);
			runOnlyForDeploymentPostprocessing = 0;
		};
/* End PBXFrameworksBuildPhase section */

/* Begin PBXGroup section */
		8767267D2B93CA2F001BE913 = {
			isa = PBXGroup;
			children = (
				876726882B93CA2F001BE913 /* Cell-Practicing */,
				876726872B93CA2F001BE913 /* Products */,
			);
			sourceTree = "<group>";
		};
		876726872B93CA2F001BE913 /* Products */ = {
			isa = PBXGroup;
			children = (
				876726862B93CA2F001BE913 /* Cell-Practicing.app */,
			);
			name = Products;
			sourceTree = "<group>";
		};
		876726882B93CA2F001BE913 /* Cell-Practicing */ = {
			isa = PBXGroup;
			children = (
				876D2B6D2B94F3B6001284BD /* Core */,
				876D2B662B94F1E3001284BD /* Models */,
				876726A32B93CB30001BE913 /* Services */,
				8767269D2B93CA84001BE913 /* Cells */,
				87E12B9D2B96495600076296 /* Views */,
				8767268F2B93CA2F001BE913 /* Main.storyboard */,
				876726972B93CA30001BE913 /* Info.plist */,
			);
			path = "Cell-Practicing";
			sourceTree = "<group>";
		};
		8767269D2B93CA84001BE913 /* Cells */ = {
			isa = PBXGroup;
			children = (
				87E12BA02B9649FD00076296 /* CarRental */,
				8767269E2B93CA86001BE913 /* trivago */,
			);
			path = Cells;
			sourceTree = "<group>";
		};
		8767269E2B93CA86001BE913 /* trivago */ = {
			isa = PBXGroup;
			children = (
				8767269F2B93CAD0001BE913 /* TrivagoTableViewCell.swift */,
				876726A02B93CAD0001BE913 /* TrivagoTableViewCell.xib */,
			);
			path = trivago;
			sourceTree = "<group>";
		};
		876726A32B93CB30001BE913 /* Services */ = {
			isa = PBXGroup;
			children = (
				876D2B6E2B95020B001284BD /* Database */,
				876726A42B93CB3B001BE913 /* Network */,
			);
			path = Services;
			sourceTree = "<group>";
		};
		876726A42B93CB3B001BE913 /* Network */ = {
			isa = PBXGroup;
			children = (
				87E12BA82B964FDF00076296 /* Endpoints */,
				876726A52B93CB41001BE913 /* NetworkManager.swift */,
				876726A72B93CB4D001BE913 /* APIConstants.swift */,
				876D2B692B94F261001284BD /* Endpoint.swift */,
			);
			path = Network;
			sourceTree = "<group>";
		};
		876D2B662B94F1E3001284BD /* Models */ = {
			isa = PBXGroup;
			children = (
				876D2B672B94F1EA001284BD /* TrivagoModel.swift */,
				87E12BA62B964A4000076296 /* CarRentalModel.swift */,
			);
			path = Models;
			sourceTree = "<group>";
		};
		876D2B6D2B94F3B6001284BD /* Core */ = {
			isa = PBXGroup;
			children = (
				876726942B93CA30001BE913 /* LaunchScreen.storyboard */,
				876726922B93CA30001BE913 /* Assets.xcassets */,
				876726892B93CA2F001BE913 /* AppDelegate.swift */,
				8767268B2B93CA2F001BE913 /* SceneDelegate.swift */,
			);
			path = Core;
			sourceTree = "<group>";
		};
		876D2B6E2B95020B001284BD /* Database */ = {
			isa = PBXGroup;
			children = (
				876D2B6F2B950213001284BD /* DatabaseManager.swift */,
			);
			path = Database;
			sourceTree = "<group>";
		};
		87E12B9D2B96495600076296 /* Views */ = {
			isa = PBXGroup;
			children = (
				8767268D2B93CA2F001BE913 /* ViewController.swift */,
				87E12B9E2B96496C00076296 /* CarRentalViewController.swift */,
			);
			path = Views;
			sourceTree = "<group>";
		};
		87E12BA02B9649FD00076296 /* CarRental */ = {
			isa = PBXGroup;
			children = (
				87E12BA12B964A1900076296 /* CarRentalTableViewCell.swift */,
				87E12BA22B964A1900076296 /* CarRentalTableViewCell.xib */,
			);
			path = CarRental;
			sourceTree = "<group>";
		};
		87E12BA82B964FDF00076296 /* Endpoints */ = {
			isa = PBXGroup;
			children = (
				876D2B6B2B94F2D4001284BD /* TrivagoEndpoint.swift */,
				87E12BA92B964FEE00076296 /* CarRentalEndpoint.swift */,
			);
			path = Endpoints;
			sourceTree = "<group>";
		};
/* End PBXGroup section */

/* Begin PBXNativeTarget section */
		876726852B93CA2F001BE913 /* Cell-Practicing */ = {
			isa = PBXNativeTarget;
			buildConfigurationList = 8767269A2B93CA30001BE913 /* Build configuration list for PBXNativeTarget "Cell-Practicing" */;
			buildPhases = (
				876726822B93CA2F001BE913 /* Sources */,
				876726832B93CA2F001BE913 /* Frameworks */,
				876726842B93CA2F001BE913 /* Resources */,
			);
			buildRules = (
			);
			dependencies = (
			);
			name = "Cell-Practicing";
			productName = "Cell-Practicing";
			productReference = 876726862B93CA2F001BE913 /* Cell-Practicing.app */;
			productType = "com.apple.product-type.application";
		};
/* End PBXNativeTarget section */

/* Begin PBXProject section */
		8767267E2B93CA2F001BE913 /* Project object */ = {
			isa = PBXProject;
			attributes = {
				BuildIndependentTargetsInParallel = 1;
				LastSwiftUpdateCheck = 1520;
				LastUpgradeCheck = 1520;
				TargetAttributes = {
					876726852B93CA2F001BE913 = {
						CreatedOnToolsVersion = 15.2;
					};
				};
			};
			buildConfigurationList = 876726812B93CA2F001BE913 /* Build configuration list for PBXProject "Cell-Practicing" */;
			compatibilityVersion = "Xcode 14.0";
			developmentRegion = en;
			hasScannedForEncodings = 0;
			knownRegions = (
				en,
				Base,
			);
			mainGroup = 8767267D2B93CA2F001BE913;
			productRefGroup = 876726872B93CA2F001BE913 /* Products */;
			projectDirPath = "";
			projectRoot = "";
			targets = (
				876726852B93CA2F001BE913 /* Cell-Practicing */,
			);
		};
/* End PBXProject section */

/* Begin PBXResourcesBuildPhase section */
		876726842B93CA2F001BE913 /* Resources */ = {
			isa = PBXResourcesBuildPhase;
			buildActionMask = 2147483647;
			files = (
				876726A22B93CAD0001BE913 /* TrivagoTableViewCell.xib in Resources */,
				876726962B93CA30001BE913 /* LaunchScreen.storyboard in Resources */,
				87E12BA42B964A1900076296 /* CarRentalTableViewCell.xib in Resources */,
				876726932B93CA30001BE913 /* Assets.xcassets in Resources */,
				876726912B93CA2F001BE913 /* Main.storyboard in Resources */,
			);
			runOnlyForDeploymentPostprocessing = 0;
		};
/* End PBXResourcesBuildPhase section */

/* Begin PBXSourcesBuildPhase section */
		876726822B93CA2F001BE913 /* Sources */ = {
			isa = PBXSourcesBuildPhase;
			buildActionMask = 2147483647;
			files = (
				876726A12B93CAD0001BE913 /* TrivagoTableViewCell.swift in Sources */,
				876D2B6C2B94F2D4001284BD /* TrivagoEndpoint.swift in Sources */,
				876D2B702B950213001284BD /* DatabaseManager.swift in Sources */,
				8767268E2B93CA2F001BE913 /* ViewController.swift in Sources */,
				876D2B6A2B94F261001284BD /* Endpoint.swift in Sources */,
				876726A82B93CB4D001BE913 /* APIConstants.swift in Sources */,
				87E12BA32B964A1900076296 /* CarRentalTableViewCell.swift in Sources */,
				87E12B9F2B96496C00076296 /* CarRentalViewController.swift in Sources */,
				876726A62B93CB41001BE913 /* NetworkManager.swift in Sources */,
				87E12BA72B964A4000076296 /* CarRentalModel.swift in Sources */,
				8767268A2B93CA2F001BE913 /* AppDelegate.swift in Sources */,
				8767268C2B93CA2F001BE913 /* SceneDelegate.swift in Sources */,
				876D2B682B94F1EA001284BD /* TrivagoModel.swift in Sources */,
				87E12BAA2B964FEE00076296 /* CarRentalEndpoint.swift in Sources */,
			);
			runOnlyForDeploymentPostprocessing = 0;
		};
/* End PBXSourcesBuildPhase section */

/* Begin PBXVariantGroup section */
		8767268F2B93CA2F001BE913 /* Main.storyboard */ = {
			isa = PBXVariantGroup;
			children = (
				876726902B93CA2F001BE913 /* Base */,
			);
			name = Main.storyboard;
			sourceTree = "<group>";
		};
		876726942B93CA30001BE913 /* LaunchScreen.storyboard */ = {
			isa = PBXVariantGroup;
			children = (
				876726952B93CA30001BE913 /* Base */,
			);
			name = LaunchScreen.storyboard;
			sourceTree = "<group>";
		};
/* End PBXVariantGroup section */

/* Begin XCBuildConfiguration section */
		876726982B93CA30001BE913 /* Debug */ = {
			isa = XCBuildConfiguration;
			buildSettings = {
				ALWAYS_SEARCH_USER_PATHS = NO;
				ASSETCATALOG_COMPILER_GENERATE_SWIFT_ASSET_SYMBOL_EXTENSIONS = YES;
				CLANG_ANALYZER_NONNULL = YES;
				CLANG_ANALYZER_NUMBER_OBJECT_CONVERSION = YES_AGGRESSIVE;
				CLANG_CXX_LANGUAGE_STANDARD = "gnu++20";
				CLANG_ENABLE_MODULES = YES;
				CLANG_ENABLE_OBJC_ARC = YES;
				CLANG_ENABLE_OBJC_WEAK = YES;
				CLANG_WARN_BLOCK_CAPTURE_AUTORELEASING = YES;
				CLANG_WARN_BOOL_CONVERSION = YES;
				CLANG_WARN_COMMA = YES;
				CLANG_WARN_CONSTANT_CONVERSION = YES;
				CLANG_WARN_DEPRECATED_OBJC_IMPLEMENTATIONS = YES;
				CLANG_WARN_DIRECT_OBJC_ISA_USAGE = YES_ERROR;
				CLANG_WARN_DOCUMENTATION_COMMENTS = YES;
				CLANG_WARN_EMPTY_BODY = YES;
				CLANG_WARN_ENUM_CONVERSION = YES;
				CLANG_WARN_INFINITE_RECURSION = YES;
				CLANG_WARN_INT_CONVERSION = YES;
				CLANG_WARN_NON_LITERAL_NULL_CONVERSION = YES;
				CLANG_WARN_OBJC_IMPLICIT_RETAIN_SELF = YES;
				CLANG_WARN_OBJC_LITERAL_CONVERSION = YES;
				CLANG_WARN_OBJC_ROOT_CLASS = YES_ERROR;
				CLANG_WARN_QUOTED_INCLUDE_IN_FRAMEWORK_HEADER = YES;
				CLANG_WARN_RANGE_LOOP_ANALYSIS = YES;
				CLANG_WARN_STRICT_PROTOTYPES = YES;
				CLANG_WARN_SUSPICIOUS_MOVE = YES;
				CLANG_WARN_UNGUARDED_AVAILABILITY = YES_AGGRESSIVE;
				CLANG_WARN_UNREACHABLE_CODE = YES;
				CLANG_WARN__DUPLICATE_METHOD_MATCH = YES;
				COPY_PHASE_STRIP = NO;
				DEBUG_INFORMATION_FORMAT = dwarf;
				ENABLE_STRICT_OBJC_MSGSEND = YES;
				ENABLE_TESTABILITY = YES;
				ENABLE_USER_SCRIPT_SANDBOXING = YES;
				GCC_C_LANGUAGE_STANDARD = gnu17;
				GCC_DYNAMIC_NO_PIC = NO;
				GCC_NO_COMMON_BLOCKS = YES;
				GCC_OPTIMIZATION_LEVEL = 0;
				GCC_PREPROCESSOR_DEFINITIONS = (
					"DEBUG=1",
					"$(inherited)",
				);
				GCC_WARN_64_TO_32_BIT_CONVERSION = YES;
				GCC_WARN_ABOUT_RETURN_TYPE = YES_ERROR;
				GCC_WARN_UNDECLARED_SELECTOR = YES;
				GCC_WARN_UNINITIALIZED_AUTOS = YES_AGGRESSIVE;
				GCC_WARN_UNUSED_FUNCTION = YES;
				GCC_WARN_UNUSED_VARIABLE = YES;
				IPHONEOS_DEPLOYMENT_TARGET = 17.2;
				LOCALIZATION_PREFERS_STRING_CATALOGS = YES;
				MTL_ENABLE_DEBUG_INFO = INCLUDE_SOURCE;
				MTL_FAST_MATH = YES;
				ONLY_ACTIVE_ARCH = YES;
				SDKROOT = iphoneos;
				SWIFT_ACTIVE_COMPILATION_CONDITIONS = "DEBUG $(inherited)";
				SWIFT_OPTIMIZATION_LEVEL = "-Onone";
			};
			name = Debug;
		};
		876726992B93CA30001BE913 /* Release */ = {
			isa = XCBuildConfiguration;
			buildSettings = {
				ALWAYS_SEARCH_USER_PATHS = NO;
				ASSETCATALOG_COMPILER_GENERATE_SWIFT_ASSET_SYMBOL_EXTENSIONS = YES;
				CLANG_ANALYZER_NONNULL = YES;
				CLANG_ANALYZER_NUMBER_OBJECT_CONVERSION = YES_AGGRESSIVE;
				CLANG_CXX_LANGUAGE_STANDARD = "gnu++20";
				CLANG_ENABLE_MODULES = YES;
				CLANG_ENABLE_OBJC_ARC = YES;
				CLANG_ENABLE_OBJC_WEAK = YES;
				CLANG_WARN_BLOCK_CAPTURE_AUTORELEASING = YES;
				CLANG_WARN_BOOL_CONVERSION = YES;
				CLANG_WARN_COMMA = YES;
				CLANG_WARN_CONSTANT_CONVERSION = YES;
				CLANG_WARN_DEPRECATED_OBJC_IMPLEMENTATIONS = YES;
				CLANG_WARN_DIRECT_OBJC_ISA_USAGE = YES_ERROR;
				CLANG_WARN_DOCUMENTATION_COMMENTS = YES;
				CLANG_WARN_EMPTY_BODY = YES;
				CLANG_WARN_ENUM_CONVERSION = YES;
				CLANG_WARN_INFINITE_RECURSION = YES;
				CLANG_WARN_INT_CONVERSION = YES;
				CLANG_WARN_NON_LITERAL_NULL_CONVERSION = YES;
				CLANG_WARN_OBJC_IMPLICIT_RETAIN_SELF = YES;
				CLANG_WARN_OBJC_LITERAL_CONVERSION = YES;
				CLANG_WARN_OBJC_ROOT_CLASS = YES_ERROR;
				CLANG_WARN_QUOTED_INCLUDE_IN_FRAMEWORK_HEADER = YES;
				CLANG_WARN_RANGE_LOOP_ANALYSIS = YES;
				CLANG_WARN_STRICT_PROTOTYPES = YES;
				CLANG_WARN_SUSPICIOUS_MOVE = YES;
				CLANG_WARN_UNGUARDED_AVAILABILITY = YES_AGGRESSIVE;
				CLANG_WARN_UNREACHABLE_CODE = YES;
				CLANG_WARN__DUPLICATE_METHOD_MATCH = YES;
				COPY_PHASE_STRIP = NO;
				DEBUG_INFORMATION_FORMAT = "dwarf-with-dsym";
				ENABLE_NS_ASSERTIONS = NO;
				ENABLE_STRICT_OBJC_MSGSEND = YES;
				ENABLE_USER_SCRIPT_SANDBOXING = YES;
				GCC_C_LANGUAGE_STANDARD = gnu17;
				GCC_NO_COMMON_BLOCKS = YES;
				GCC_WARN_64_TO_32_BIT_CONVERSION = YES;
				GCC_WARN_ABOUT_RETURN_TYPE = YES_ERROR;
				GCC_WARN_UNDECLARED_SELECTOR = YES;
				GCC_WARN_UNINITIALIZED_AUTOS = YES_AGGRESSIVE;
				GCC_WARN_UNUSED_FUNCTION = YES;
				GCC_WARN_UNUSED_VARIABLE = YES;
				IPHONEOS_DEPLOYMENT_TARGET = 17.2;
				LOCALIZATION_PREFERS_STRING_CATALOGS = YES;
				MTL_ENABLE_DEBUG_INFO = NO;
				MTL_FAST_MATH = YES;
				SDKROOT = iphoneos;
				SWIFT_COMPILATION_MODE = wholemodule;
				VALIDATE_PRODUCT = YES;
			};
			name = Release;
		};
		8767269B2B93CA30001BE913 /* Debug */ = {
			isa = XCBuildConfiguration;
			buildSettings = {
				ASSETCATALOG_COMPILER_APPICON_NAME = AppIcon;
				ASSETCATALOG_COMPILER_GLOBAL_ACCENT_COLOR_NAME = AccentColor;
				CODE_SIGN_STYLE = Automatic;
				CURRENT_PROJECT_VERSION = 1;
				GENERATE_INFOPLIST_FILE = YES;
				INFOPLIST_FILE = "Cell-Practicing/Info.plist";
				INFOPLIST_KEY_UIApplicationSupportsIndirectInputEvents = YES;
				INFOPLIST_KEY_UILaunchStoryboardName = LaunchScreen;
				INFOPLIST_KEY_UIMainStoryboardFile = Main;
				INFOPLIST_KEY_UISupportedInterfaceOrientations_iPad = "UIInterfaceOrientationPortrait UIInterfaceOrientationPortraitUpsideDown UIInterfaceOrientationLandscapeLeft UIInterfaceOrientationLandscapeRight";
				INFOPLIST_KEY_UISupportedInterfaceOrientations_iPhone = "UIInterfaceOrientationPortrait UIInterfaceOrientationLandscapeLeft UIInterfaceOrientationLandscapeRight";
				LD_RUNPATH_SEARCH_PATHS = (
					"$(inherited)",
					"@executable_path/Frameworks",
				);
				MARKETING_VERSION = 1.0;
				PRODUCT_BUNDLE_IDENTIFIER = "com.iNoor.Cell-Practicing";
				PRODUCT_NAME = "$(TARGET_NAME)";
				SWIFT_EMIT_LOC_STRINGS = YES;
				SWIFT_VERSION = 5.0;
				TARGETED_DEVICE_FAMILY = "1,2";
			};
			name = Debug;
		};
		8767269C2B93CA30001BE913 /* Release */ = {
			isa = XCBuildConfiguration;
			buildSettings = {
				ASSETCATALOG_COMPILER_APPICON_NAME = AppIcon;
				ASSETCATALOG_COMPILER_GLOBAL_ACCENT_COLOR_NAME = AccentColor;
				CODE_SIGN_STYLE = Automatic;
				CURRENT_PROJECT_VERSION = 1;
				GENERATE_INFOPLIST_FILE = YES;
				INFOPLIST_FILE = "Cell-Practicing/Info.plist";
				INFOPLIST_KEY_UIApplicationSupportsIndirectInputEvents = YES;
				INFOPLIST_KEY_UILaunchStoryboardName = LaunchScreen;
				INFOPLIST_KEY_UIMainStoryboardFile = Main;
				INFOPLIST_KEY_UISupportedInterfaceOrientations_iPad = "UIInterfaceOrientationPortrait UIInterfaceOrientationPortraitUpsideDown UIInterfaceOrientationLandscapeLeft UIInterfaceOrientationLandscapeRight";
				INFOPLIST_KEY_UISupportedInterfaceOrientations_iPhone = "UIInterfaceOrientationPortrait UIInterfaceOrientationLandscapeLeft UIInterfaceOrientationLandscapeRight";
				LD_RUNPATH_SEARCH_PATHS = (
					"$(inherited)",
					"@executable_path/Frameworks",
				);
				MARKETING_VERSION = 1.0;
				PRODUCT_BUNDLE_IDENTIFIER = "com.iNoor.Cell-Practicing";
				PRODUCT_NAME = "$(TARGET_NAME)";
				SWIFT_EMIT_LOC_STRINGS = YES;
				SWIFT_VERSION = 5.0;
				TARGETED_DEVICE_FAMILY = "1,2";
			};
			name = Release;
		};
/* End XCBuildConfiguration section */

/* Begin XCConfigurationList section */
		876726812B93CA2F001BE913 /* Build configuration list for PBXProject "Cell-Practicing" */ = {
			isa = XCConfigurationList;
			buildConfigurations = (
				876726982B93CA30001BE913 /* Debug */,
				876726992B93CA30001BE913 /* Release */,
			);
			defaultConfigurationIsVisible = 0;
			defaultConfigurationName = Release;
		};
		8767269A2B93CA30001BE913 /* Build configuration list for PBXNativeTarget "Cell-Practicing" */ = {
			isa = XCConfigurationList;
			buildConfigurations = (
				8767269B2B93CA30001BE913 /* Debug */,
				8767269C2B93CA30001BE913 /* Release */,
			);
			defaultConfigurationIsVisible = 0;
			defaultConfigurationName = Release;
		};
/* End XCConfigurationList section */
	};
	rootObject = 8767267E2B93CA2F001BE913 /* Project object */;
}
